github.com/nicokaiser/hugo-theme-gallery/v4 v4.0.0 h1:qPKdy/WkysbUY0wZCE1Ls06jlr/dudnOaeAhEf9JGww=
github.com/nicokaiser/hugo-theme-gallery/v4 v4.0.0/go.mod h1:oVtY67dE9NbaJw9jM4G5moHAcgT/UXxdcIQhs52KPoU=
github.com/nicokaiser/hugo-theme-gallery/v4 v4.7.1 h1:EGGu9q8MtBCxVDKUoaX3tK+kDiC9228Fiqmo/PndD8U=
github.com/nicokaiser/hugo-theme-gallery/v4 v4.7.1/go.mod h1:oVtY67dE9NbaJw9jM4G5moHAcgT/UXxdcIQhs52KPoU=
